<?xml version="1.0" encoding="utf-8"?>
<Project ToolsVersion="16.0" xmlns="http://schemas.microsoft.com/developer/msbuild/2003">
  <ItemGroup>
    <ClCompile Include="C:\Users\Marco Esposito\Projects\personal\dependency_runner\test_data\test_project1\DepRunTest\DepRunTestLib\DepRunTestLib.cpp">
      <Filter>Source Files</Filter>
    </ClCompile>
  </ItemGroup>
  <ItemGroup>
    <ClInclude Include="C:\Users\Marco Esposito\Projects\personal\dependency_runner\test_data\test_project1\DepRunTest\DepRunTestLib\DepRunTestLib.h">
      <Filter>Header Files</Filter>
    </ClInclude>
  </ItemGroup>
  <ItemGroup>
    <CustomBuild Include="C:\Users\Marco Esposito\Projects\personal\dependency_runner\test_data\test_project1\DepRunTest\DepRunTestLib\CMakeLists.txt" />
  </ItemGroup>
  <ItemGroup>
    <Filter Include="Header Files">
      <UniqueIdentifier>{78017AAD-4222-3FAC-8C2C-F63E78A8C948}</UniqueIdentifier>
    </Filter>
    <Filter Include="Source Files">
      <UniqueIdentifier>{93578914-3588-3EF6-BFF9-9FEB2762F027}</UniqueIdentifier>
    </Filter>
  </ItemGroup>
</Project>
